# This file is generated by running "yarn install" inside your project.
# Manual changes might be lost - proceed with caution!

__metadata:
  version: 8
  cacheKey: 10c0

"koishi-plugin-adapter-onebot@npm:^6.5.8":
  version: 6.5.8
  resolution: "koishi-plugin-adapter-onebot@npm:6.5.8"
  dependencies:
    qface: "npm:^1.4.1"
  peerDependencies:
    koishi: ^4.17.8
  checksum: 10c0/2e33833fa3e6ccf927cff4d81cca971e29140c993f3dea16a789e4679d25f19d66b3d6aa6e3f39cb86e35f47dec2de89f0a7a74dd9d85fd756af0ad396af918b
  languageName: node
  linkType: hard

"koishi-plugin-memes-api@workspace:.":
  version: 0.0.0-use.local
  resolution: "koishi-plugin-memes-api@workspace:."
  dependencies:
    koishi-plugin-adapter-onebot: "npm:^6.5.8"
    semaphore-promise: "npm:^1.4.2"
  peerDependencies:
    "@cordisjs/plugin-http": ^0.4.2
    "@koishijs/plugin-notifier": ^1.2.1
    koishi: ^4.17.9
  languageName: unknown
  linkType: soft

"qface@npm:^1.4.1":
  version: 1.4.1
  resolution: "qface@npm:1.4.1"
  checksum: 10c0/64f84389b120c3a9b3408eacbedf1eac895ab19abdf4341a8610cdc6eff1b1c92024083b342ea091f2fe897544aefb57bd5a509f4483daeee41403065d7a389c
  languageName: node
  linkType: hard

"semaphore-promise@npm:^1.4.2":
  version: 1.4.2
  resolution: "semaphore-promise@npm:1.4.2"
  checksum: 10c0/cdfd858a892ab1bafeda72b8d67661429459990033c718cbfe13286e3dd2e26e7fd4c800aff2531b5f777e80541db034da184d23ad47c257c048a1a2d2b6dd5a
  languageName: node
  linkType: hard
