# This file is generated by running "yarn install" inside your project.
# Manual changes might be lost - proceed with caution!

__metadata:
  version: 8
  cacheKey: 10c0

"@cordisjs/plugin-http@npm:^0.4.2":
  version: 0.4.2
  resolution: "@cordisjs/plugin-http@npm:0.4.2"
  dependencies:
    cosmokit: "npm:^1.6.2"
    file-type: "npm:^16.5.4"
    mime-db: "npm:^1.52.0"
    ws: "npm:^8.16.0"
  peerDependencies:
    cordis: ^3.14.0
  checksum: 10c0/4d3a7590be2f74d7d5b86ede077bbd1b8a076ce26022cfbb6181b1120e2e90a47029efbb05d6517f697aa8ba2e6378b7b18835c0bd375b28786f0f29c6b967f2
  languageName: node
  linkType: hard

"@tokenizer/token@npm:^0.3.0":
  version: 0.3.0
  resolution: "@tokenizer/token@npm:0.3.0"
  checksum: 10c0/7ab9a822d4b5ff3f5bca7f7d14d46bdd8432528e028db4a52be7fbf90c7f495cc1af1324691dda2813c6af8dc4b8eb29de3107d4508165f9aa5b53e7d501f155
  languageName: node
  linkType: hard

"cosmokit@npm:^1.6.2":
  version: 1.6.2
  resolution: "cosmokit@npm:1.6.2"
  checksum: 10c0/8f03fee51e0d636283bfdee57b03cced0201aa2fb0327889d1261b3ee16414a4c4ca5aae4787bffda54c8ae3acf11f0fe93c4e72863cc7869e153407d85b7418
  languageName: node
  linkType: hard

"file-type@npm:^16.5.4":
  version: 16.5.4
  resolution: "file-type@npm:16.5.4"
  dependencies:
    readable-web-to-node-stream: "npm:^3.0.0"
    strtok3: "npm:^6.2.4"
    token-types: "npm:^4.1.1"
  checksum: 10c0/a6c9ab8bc05bc9c212bec239fb0d5bf59ddc9b3912f00c4ef44622e67ae4e553a1cc8372e9e595e14859035188eb305d05d488fa3c5c2a2ad90bb7745b3004ef
  languageName: node
  linkType: hard

"ieee754@npm:^1.2.1":
  version: 1.2.1
  resolution: "ieee754@npm:1.2.1"
  checksum: 10c0/b0782ef5e0935b9f12883a2e2aa37baa75da6e66ce6515c168697b42160807d9330de9a32ec1ed73149aea02e0d822e572bca6f1e22bdcbd2149e13b050b17bb
  languageName: node
  linkType: hard

"inherits@npm:^2.0.3":
  version: 2.0.4
  resolution: "inherits@npm:2.0.4"
  checksum: 10c0/4e531f648b29039fb7426fb94075e6545faa1eb9fe83c29f0b6d9e7263aceb4289d2d4557db0d428188eeb449cc7c5e77b0a0b2c4e248ff2a65933a0dee49ef2
  languageName: node
  linkType: hard

"koishi-plugin-adapter-onebot@npm:^6.5.3":
  version: 6.5.3
  resolution: "koishi-plugin-adapter-onebot@npm:6.5.3"
  dependencies:
    qface: "npm:^1.4.1"
  peerDependencies:
    koishi: ^4.17.4
  checksum: 10c0/44ecd375d798711a5710b66bc5263c0d2ddab495e73f43fb2ae95901231a18b9b36f7a1d8dd62d352fea3b273448e2f7734306e50e1c32d95e085df2b376a451
  languageName: node
  linkType: hard

"koishi-plugin-memes-api@workspace:.":
  version: 0.0.0-use.local
  resolution: "koishi-plugin-memes-api@workspace:."
  dependencies:
    "@cordisjs/plugin-http": "npm:^0.4.2"
    koishi-plugin-adapter-onebot: "npm:^6.5.3"
  peerDependencies:
    koishi: ^4.17.6
  languageName: unknown
  linkType: soft

"mime-db@npm:^1.52.0":
  version: 1.52.0
  resolution: "mime-db@npm:1.52.0"
  checksum: 10c0/0557a01deebf45ac5f5777fe7740b2a5c309c6d62d40ceab4e23da9f821899ce7a900b7ac8157d4548ddbb7beffe9abc621250e6d182b0397ec7f10c7b91a5aa
  languageName: node
  linkType: hard

"peek-readable@npm:^4.1.0":
  version: 4.1.0
  resolution: "peek-readable@npm:4.1.0"
  checksum: 10c0/f9b81ce3eed185cc9ebbf7dff0b6e130dd6da7b05f1802bbf726a78e4d84990b0a65f8e701959c50eb1124cc2ad352205147954bf39793faba29bb00ce742a44
  languageName: node
  linkType: hard

"qface@npm:^1.4.1":
  version: 1.4.1
  resolution: "qface@npm:1.4.1"
  checksum: 10c0/64f84389b120c3a9b3408eacbedf1eac895ab19abdf4341a8610cdc6eff1b1c92024083b342ea091f2fe897544aefb57bd5a509f4483daeee41403065d7a389c
  languageName: node
  linkType: hard

"readable-stream@npm:^3.6.0":
  version: 3.6.2
  resolution: "readable-stream@npm:3.6.2"
  dependencies:
    inherits: "npm:^2.0.3"
    string_decoder: "npm:^1.1.1"
    util-deprecate: "npm:^1.0.1"
  checksum: 10c0/e37be5c79c376fdd088a45fa31ea2e423e5d48854be7a22a58869b4e84d25047b193f6acb54f1012331e1bcd667ffb569c01b99d36b0bd59658fb33f513511b7
  languageName: node
  linkType: hard

"readable-web-to-node-stream@npm:^3.0.0":
  version: 3.0.2
  resolution: "readable-web-to-node-stream@npm:3.0.2"
  dependencies:
    readable-stream: "npm:^3.6.0"
  checksum: 10c0/533d5cd1580232a2c753e52a245be13fc552e6f82c5053a8a8da7ea1063d73a34f936a86b3d4433cdb4a13dd683835cfc87f230936cb96d329a1e28b6040f42e
  languageName: node
  linkType: hard

"safe-buffer@npm:~5.2.0":
  version: 5.2.1
  resolution: "safe-buffer@npm:5.2.1"
  checksum: 10c0/6501914237c0a86e9675d4e51d89ca3c21ffd6a31642efeba25ad65720bce6921c9e7e974e5be91a786b25aa058b5303285d3c15dbabf983a919f5f630d349f3
  languageName: node
  linkType: hard

"string_decoder@npm:^1.1.1":
  version: 1.3.0
  resolution: "string_decoder@npm:1.3.0"
  dependencies:
    safe-buffer: "npm:~5.2.0"
  checksum: 10c0/810614ddb030e271cd591935dcd5956b2410dd079d64ff92a1844d6b7588bf992b3e1b69b0f4d34a3e06e0bd73046ac646b5264c1987b20d0601f81ef35d731d
  languageName: node
  linkType: hard

"strtok3@npm:^6.2.4":
  version: 6.3.0
  resolution: "strtok3@npm:6.3.0"
  dependencies:
    "@tokenizer/token": "npm:^0.3.0"
    peek-readable: "npm:^4.1.0"
  checksum: 10c0/8f1483a2a6758404502f2fc431586fcf37d747b10b125596ab5ec92319c247dd1195f82ba0bc2eaa582db3d807b5cca4b67ff61411756fec6622d051f8e255c2
  languageName: node
  linkType: hard

"token-types@npm:^4.1.1":
  version: 4.2.1
  resolution: "token-types@npm:4.2.1"
  dependencies:
    "@tokenizer/token": "npm:^0.3.0"
    ieee754: "npm:^1.2.1"
  checksum: 10c0/e9a4a139deba9515770cd7ac36a8f53f953b9d035d309e88a66d706760dba0df420753f2b8bdee6b9f3cbff8d66b24e69571e8dea27baa7b378229ab1bcca399
  languageName: node
  linkType: hard

"util-deprecate@npm:^1.0.1":
  version: 1.0.2
  resolution: "util-deprecate@npm:1.0.2"
  checksum: 10c0/41a5bdd214df2f6c3ecf8622745e4a366c4adced864bc3c833739791aeeeb1838119af7daed4ba36428114b5c67dcda034a79c882e97e43c03e66a4dd7389942
  languageName: node
  linkType: hard

"ws@npm:^8.16.0":
  version: 8.17.0
  resolution: "ws@npm:8.17.0"
  peerDependencies:
    bufferutil: ^4.0.1
    utf-8-validate: ">=5.0.2"
  peerDependenciesMeta:
    bufferutil:
      optional: true
    utf-8-validate:
      optional: true
  checksum: 10c0/55241ec93a66fdfc4bf4f8bc66c8eb038fda2c7a4ee8f6f157f2ca7dc7aa76aea0c0da0bf3adb2af390074a70a0e45456a2eaf80e581e630b75df10a64b0a990
  languageName: node
  linkType: hard
